
Microsoft Visual Studio Solution File, Format Version 12.00
# Visual Studio Version 17
VisualStudioVersion = 17.13.35931.197 d17.13
MinimumVisualStudioVersion = 10.0.40219.1
Project("{8BC9CEB8-8B4A-11D0-8D11-00A0C91BC942}") = "Problem 47To53", "Problem 47To53.vcxproj", "{00CD5D97-080A-46DC-A997-1EC5EB3386E8}"
EndProject
Global
	GlobalSection(SolutionConfigurationPlatforms) = preSolution
		Debug|x64 = Debug|x64
		Debug|x86 = Debug|x86
		Release|x64 = Release|x64
		Release|x86 = Release|x86
	EndGlobalSection
	GlobalSection(ProjectConfigurationPlatforms) = postSolution
		{00CD5D97-080A-46DC-A997-1EC5EB3386E8}.Debug|x64.ActiveCfg = Debug|x64
		{00CD5D97-080A-46DC-A997-1EC5EB3386E8}.Debug|x64.Build.0 = Debug|x64
		{00CD5D97-080A-46DC-A997-1EC5EB3386E8}.Debug|x86.ActiveCfg = Debug|Win32
		{00CD5D97-080A-46DC-A997-1EC5EB3386E8}.Debug|x86.Build.0 = Debug|Win32
		{00CD5D97-080A-46DC-A997-1EC5EB3386E8}.Release|x64.ActiveCfg = Release|x64
		{00CD5D97-080A-46DC-A997-1EC5EB3386E8}.Release|x64.Build.0 = Release|x64
		{00CD5D97-080A-46DC-A997-1EC5EB3386E8}.Release|x86.ActiveCfg = Release|Win32
		{00CD5D97-080A-46DC-A997-1EC5EB3386E8}.Release|x86.Build.0 = Release|Win32
	EndGlobalSection
	GlobalSection(SolutionProperties) = preSolution
		HideSolutionNode = FALSE
	EndGlobalSection
	GlobalSection(ExtensibilityGlobals) = postSolution
		SolutionGuid = {E5511058-ADCF-492E-9440-A508C7E60955}
	EndGlobalSection
EndGlobal
