
Microsoft Visual Studio Solution File, Format Version 12.00
# Visual Studio Version 17
VisualStudioVersion = 17.13.35931.197 d17.13
MinimumVisualStudioVersion = 10.0.40219.1
Project("{8BC9CEB8-8B4A-11D0-8D11-00A0C91BC942}") = "Problem 61", "Problem 61.vcxproj", "{D67405EC-E489-4F7C-AB43-2A796A32D546}"
EndProject
Global
	GlobalSection(SolutionConfigurationPlatforms) = preSolution
		Debug|x64 = Debug|x64
		Debug|x86 = Debug|x86
		Release|x64 = Release|x64
		Release|x86 = Release|x86
	EndGlobalSection
	GlobalSection(ProjectConfigurationPlatforms) = postSolution
		{D67405EC-E489-4F7C-AB43-2A796A32D546}.Debug|x64.ActiveCfg = Debug|x64
		{D67405EC-E489-4F7C-AB43-2A796A32D546}.Debug|x64.Build.0 = Debug|x64
		{D67405EC-E489-4F7C-AB43-2A796A32D546}.Debug|x86.ActiveCfg = Debug|Win32
		{D67405EC-E489-4F7C-AB43-2A796A32D546}.Debug|x86.Build.0 = Debug|Win32
		{D67405EC-E489-4F7C-AB43-2A796A32D546}.Release|x64.ActiveCfg = Release|x64
		{D67405EC-E489-4F7C-AB43-2A796A32D546}.Release|x64.Build.0 = Release|x64
		{D67405EC-E489-4F7C-AB43-2A796A32D546}.Release|x86.ActiveCfg = Release|Win32
		{D67405EC-E489-4F7C-AB43-2A796A32D546}.Release|x86.Build.0 = Release|Win32
	EndGlobalSection
	GlobalSection(SolutionProperties) = preSolution
		HideSolutionNode = FALSE
	EndGlobalSection
	GlobalSection(ExtensibilityGlobals) = postSolution
		SolutionGuid = {B3838850-10E4-43EE-AEAD-1FA9A20C514E}
	EndGlobalSection
EndGlobal
